
Microsoft Visual Studio Solution File, Format Version 12.00
# Visual Studio Version 16
VisualStudioVersion = 16.0.29905.134
MinimumVisualStudioVersion = 10.0.40219.1
Project("{FAE04EC0-301F-11D3-BF4B-00C04F79EFBC}") = "SocketTcpAsyncServer", "SocketTcpAsyncServer\SocketTcpAsyncServer.csproj", "{5A46AB60-BEB5-4324-BC1B-230D03F30CB1}"
EndProject
Project("{FAE04EC0-301F-11D3-BF4B-00C04F79EFBC}") = "SocketTcpAsyncClient", "SocketTcpAsyncClient\SocketTcpAsyncClient.csproj", "{EE65569A-BDA3-4991-97A3-8813068F9B16}"
EndProject
Global
	GlobalSection(SolutionConfigurationPlatforms) = preSolution
		Debug|Any CPU = Debug|Any CPU
		Release|Any CPU = Release|Any CPU
	EndGlobalSection
	GlobalSection(ProjectConfigurationPlatforms) = postSolution
		{5A46AB60-BEB5-4324-BC1B-230D03F30CB1}.Debug|Any CPU.ActiveCfg = Debug|Any CPU
		{5A46AB60-BEB5-4324-BC1B-230D03F30CB1}.Debug|Any CPU.Build.0 = Debug|Any CPU
		{5A46AB60-BEB5-4324-BC1B-230D03F30CB1}.Release|Any CPU.ActiveCfg = Release|Any CPU
		{5A46AB60-BEB5-4324-BC1B-230D03F30CB1}.Release|Any CPU.Build.0 = Release|Any CPU
		{EE65569A-BDA3-4991-97A3-8813068F9B16}.Debug|Any CPU.ActiveCfg = Debug|Any CPU
		{EE65569A-BDA3-4991-97A3-8813068F9B16}.Debug|Any CPU.Build.0 = Debug|Any CPU
		{EE65569A-BDA3-4991-97A3-8813068F9B16}.Release|Any CPU.ActiveCfg = Release|Any CPU
		{EE65569A-BDA3-4991-97A3-8813068F9B16}.Release|Any CPU.Build.0 = Release|Any CPU
	EndGlobalSection
	GlobalSection(SolutionProperties) = preSolution
		HideSolutionNode = FALSE
	EndGlobalSection
	GlobalSection(ExtensibilityGlobals) = postSolution
		SolutionGuid = {C7D1445C-9D73-41F9-A46B-12A3D0EE593B}
	EndGlobalSection
EndGlobal
