
Microsoft Visual Studio Solution File, Format Version 12.00
# Visual Studio Version 17
VisualStudioVersion = 17.6.33723.286
MinimumVisualStudioVersion = 10.0.40219.1
Project("{FAE04EC0-301F-11D3-BF4B-00C04F79EFBC}") = "WebApplication1_LES_9", "WebApplication1_LES_9\WebApplication1_LES_9.csproj", "{B902B8EC-FE5C-4182-A4C4-0125EB1F772F}"
EndProject
Global
	GlobalSection(SolutionConfigurationPlatforms) = preSolution
		Debug|Any CPU = Debug|Any CPU
		Release|Any CPU = Release|Any CPU
	EndGlobalSection
	GlobalSection(ProjectConfigurationPlatforms) = postSolution
		{B902B8EC-FE5C-4182-A4C4-0125EB1F772F}.Debug|Any CPU.ActiveCfg = Debug|Any CPU
		{B902B8EC-FE5C-4182-A4C4-0125EB1F772F}.Debug|Any CPU.Build.0 = Debug|Any CPU
		{B902B8EC-FE5C-4182-A4C4-0125EB1F772F}.Release|Any CPU.ActiveCfg = Release|Any CPU
		{B902B8EC-FE5C-4182-A4C4-0125EB1F772F}.Release|Any CPU.Build.0 = Release|Any CPU
	EndGlobalSection
	GlobalSection(SolutionProperties) = preSolution
		HideSolutionNode = FALSE
	EndGlobalSection
	GlobalSection(ExtensibilityGlobals) = postSolution
		SolutionGuid = {EB04328B-26B1-4ECF-96EF-E3F335C7A049}
	EndGlobalSection
EndGlobal
