
Microsoft Visual Studio Solution File, Format Version 12.00
# Visual Studio Version 17
VisualStudioVersion = 17.4.33213.308
MinimumVisualStudioVersion = 10.0.40219.1
Project("{FAE04EC0-301F-11D3-BF4B-00C04F79EFBC}") = "ConsoleApp_ADO_!)_CodeFirstFormDatabase", "ConsoleApp_ADO_!)_CodeFirstFormDatabase\ConsoleApp_ADO_!)_CodeFirstFormDatabase.csproj", "{BF696B43-381D-4C76-9F24-F8E1554786E6}"
EndProject
Global
	GlobalSection(SolutionConfigurationPlatforms) = preSolution
		Debug|Any CPU = Debug|Any CPU
		Release|Any CPU = Release|Any CPU
	EndGlobalSection
	GlobalSection(ProjectConfigurationPlatforms) = postSolution
		{BF696B43-381D-4C76-9F24-F8E1554786E6}.Debug|Any CPU.ActiveCfg = Debug|Any CPU
		{BF696B43-381D-4C76-9F24-F8E1554786E6}.Debug|Any CPU.Build.0 = Debug|Any CPU
		{BF696B43-381D-4C76-9F24-F8E1554786E6}.Release|Any CPU.ActiveCfg = Release|Any CPU
		{BF696B43-381D-4C76-9F24-F8E1554786E6}.Release|Any CPU.Build.0 = Release|Any CPU
	EndGlobalSection
	GlobalSection(SolutionProperties) = preSolution
		HideSolutionNode = FALSE
	EndGlobalSection
	GlobalSection(ExtensibilityGlobals) = postSolution
		SolutionGuid = {54D07DD2-FBDF-4A26-B1AA-AA70D695F90E}
	EndGlobalSection
EndGlobal
