
Microsoft Visual Studio Solution File, Format Version 12.00
# Visual Studio Version 17
VisualStudioVersion = 17.6.33723.286
MinimumVisualStudioVersion = 10.0.40219.1
Project("{FAE04EC0-301F-11D3-BF4B-00C04F79EFBC}") = "WebASP_3", "WebASP_3\WebASP_3.csproj", "{F9CB77F5-AEF7-48D1-8510-8D4BA074F8C8}"
EndProject
Global
	GlobalSection(SolutionConfigurationPlatforms) = preSolution
		Debug|Any CPU = Debug|Any CPU
		Release|Any CPU = Release|Any CPU
	EndGlobalSection
	GlobalSection(ProjectConfigurationPlatforms) = postSolution
		{F9CB77F5-AEF7-48D1-8510-8D4BA074F8C8}.Debug|Any CPU.ActiveCfg = Debug|Any CPU
		{F9CB77F5-AEF7-48D1-8510-8D4BA074F8C8}.Debug|Any CPU.Build.0 = Debug|Any CPU
		{F9CB77F5-AEF7-48D1-8510-8D4BA074F8C8}.Release|Any CPU.ActiveCfg = Release|Any CPU
		{F9CB77F5-AEF7-48D1-8510-8D4BA074F8C8}.Release|Any CPU.Build.0 = Release|Any CPU
	EndGlobalSection
	GlobalSection(SolutionProperties) = preSolution
		HideSolutionNode = FALSE
	EndGlobalSection
	GlobalSection(ExtensibilityGlobals) = postSolution
		SolutionGuid = {9841642A-CB86-4BBC-9E5E-0BD8AD58BEC1}
	EndGlobalSection
EndGlobal
